// !$*UTF8*$!
{
	archiveVersion = 1;
	classes = {
	};
	objectVersion = 48;
	objects = {

/* Begin PBXBuildFile section */
		0A31637820786FB600C50403 /* AppCoordinator.swift in Sources */ = {isa = PBXBuildFile; fileRef = 0A31637720786FB600C50403 /* AppCoordinator.swift */; };
		0A31637A207870E100C50403 /* BrowseCoordinator.swift in Sources */ = {isa = PBXBuildFile; fileRef = 0A316379207870E100C50403 /* BrowseCoordinator.swift */; };
		0A31637C2078739200C50403 /* BookmarkCoordinator.swift in Sources */ = {isa = PBXBuildFile; fileRef = 0A31637B2078739200C50403 /* BookmarkCoordinator.swift */; };
		0A569C53206AA080003B4D4D /* Category.swift in Sources */ = {isa = PBXBuildFile; fileRef = 0A569C52206AA080003B4D4D /* Category.swift */; };
		0A569C57206AA4B4003B4D4D /* ArticleVC.swift in Sources */ = {isa = PBXBuildFile; fileRef = 0A569C55206AA4B4003B4D4D /* ArticleVC.swift */; };
		0A569C58206AA4B4003B4D4D /* ArticleVC.xib in Resources */ = {isa = PBXBuildFile; fileRef = 0A569C56206AA4B4003B4D4D /* ArticleVC.xib */; };
		0A5898A4206873CF00245EED /* CategoryListVC.swift in Sources */ = {isa = PBXBuildFile; fileRef = 0A5898A2206873CF00245EED /* CategoryListVC.swift */; };
		0A5898A5206873CF00245EED /* CategoryListVC.xib in Resources */ = {isa = PBXBuildFile; fileRef = 0A5898A3206873CF00245EED /* CategoryListVC.xib */; };
		0A5898AA2068777A00245EED /* FeedListVC.swift in Sources */ = {isa = PBXBuildFile; fileRef = 0A5898A82068777A00245EED /* FeedListVC.swift */; };
		0A5898AB2068777A00245EED /* FeedListVC.xib in Resources */ = {isa = PBXBuildFile; fileRef = 0A5898A92068777A00245EED /* FeedListVC.xib */; };
		0A5898AF20688EFA00245EED /* ArticleListVC.swift in Sources */ = {isa = PBXBuildFile; fileRef = 0A5898AD20688EFA00245EED /* ArticleListVC.swift */; };
		0A5898B020688EFA00245EED /* ArticleListVC.xib in Resources */ = {isa = PBXBuildFile; fileRef = 0A5898AE20688EFA00245EED /* ArticleListVC.xib */; };
		0A8F4EB12068617500BE3690 /* AppDelegate.swift in Sources */ = {isa = PBXBuildFile; fileRef = 0A8F4EB02068617500BE3690 /* AppDelegate.swift */; };
		0A8F4EB82068617500BE3690 /* Assets.xcassets in Resources */ = {isa = PBXBuildFile; fileRef = 0A8F4EB72068617500BE3690 /* Assets.xcassets */; };
		0A8F4EBB2068617500BE3690 /* LaunchScreen.storyboard in Resources */ = {isa = PBXBuildFile; fileRef = 0A8F4EB92068617500BE3690 /* LaunchScreen.storyboard */; };
		0A8F4EC62068617500BE3690 /* iDevReaderTests.swift in Sources */ = {isa = PBXBuildFile; fileRef = 0A8F4EC52068617500BE3690 /* iDevReaderTests.swift */; };
		0AEDFD9F207306BD00208CA1 /* CategoryTableViewCell.swift in Sources */ = {isa = PBXBuildFile; fileRef = 0AEDFD9D207306BD00208CA1 /* CategoryTableViewCell.swift */; };
		0AEDFDA0207306BD00208CA1 /* CategoryTableViewCell.xib in Resources */ = {isa = PBXBuildFile; fileRef = 0AEDFD9E207306BD00208CA1 /* CategoryTableViewCell.xib */; };
		0AEDFDA32073155800208CA1 /* FeedTableViewCell.swift in Sources */ = {isa = PBXBuildFile; fileRef = 0AEDFDA12073155800208CA1 /* FeedTableViewCell.swift */; };
		0AEDFDA42073155800208CA1 /* FeedTableViewCell.xib in Resources */ = {isa = PBXBuildFile; fileRef = 0AEDFDA22073155800208CA1 /* FeedTableViewCell.xib */; };
		0AEDFDA920731CC000208CA1 /* ArticleTableViewCell.swift in Sources */ = {isa = PBXBuildFile; fileRef = 0AEDFDA720731CC000208CA1 /* ArticleTableViewCell.swift */; };
		0AEDFDAA20731CC000208CA1 /* ArticleTableViewCell.xib in Resources */ = {isa = PBXBuildFile; fileRef = 0AEDFDA820731CC000208CA1 /* ArticleTableViewCell.xib */; };
		0AEEB847206C114200F11F2A /* BookmarkStore.swift in Sources */ = {isa = PBXBuildFile; fileRef = 0AEEB846206C114200F11F2A /* BookmarkStore.swift */; };
		2C1AD89B20770E890087C3BF /* Theme.swift in Sources */ = {isa = PBXBuildFile; fileRef = 2C1AD89A20770E890087C3BF /* Theme.swift */; };
		2C1AD89D2077188F0087C3BF /* BaseRoundedCardCell.swift in Sources */ = {isa = PBXBuildFile; fileRef = 2C1AD89C2077188F0087C3BF /* BaseRoundedCardCell.swift */; };
		2C1AD89F207728460087C3BF /* LaunchScreenIcon.png in Resources */ = {isa = PBXBuildFile; fileRef = 2C1AD89E207728460087C3BF /* LaunchScreenIcon.png */; };
		2C1AD8A320772E030087C3BF /* EmptyState.swift in Sources */ = {isa = PBXBuildFile; fileRef = 2C1AD8A220772E030087C3BF /* EmptyState.swift */; };
		2C1AD8A520772E410087C3BF /* EmptyState.xib in Resources */ = {isa = PBXBuildFile; fileRef = 2C1AD8A420772E410087C3BF /* EmptyState.xib */; };
		66BAAE64B98270B432F9E230 /* Pods_iDevReaderTests.framework in Frameworks */ = {isa = PBXBuildFile; fileRef = F37E4A76029495D33BDF1A44 /* Pods_iDevReaderTests.framework */; };
		C64DB00FC979F0022C1FDCF5 /* Pods_iDevReader.framework in Frameworks */ = {isa = PBXBuildFile; fileRef = 4E821B9F4B8A9B31C37AA85D /* Pods_iDevReader.framework */; };
/* End PBXBuildFile section */

/* Begin PBXContainerItemProxy section */
		0A8F4EC22068617500BE3690 /* PBXContainerItemProxy */ = {
			isa = PBXContainerItemProxy;
			containerPortal = 0A8F4EA52068617400BE3690 /* Project object */;
			proxyType = 1;
			remoteGlobalIDString = 0A8F4EAC2068617400BE3690;
			remoteInfo = iDevReader;
		};
/* End PBXContainerItemProxy section */

/* Begin PBXFileReference section */
		0107A6662B0445595702B183 /* Pods-iDevReader.debug.xcconfig */ = {isa = PBXFileReference; includeInIndex = 1; lastKnownFileType = text.xcconfig; name = "Pods-iDevReader.debug.xcconfig"; path = "Pods/Target Support Files/Pods-iDevReader/Pods-iDevReader.debug.xcconfig"; sourceTree = "<group>"; };
		0A31637720786FB600C50403 /* AppCoordinator.swift */ = {isa = PBXFileReference; lastKnownFileType = sourcecode.swift; path = AppCoordinator.swift; sourceTree = "<group>"; };
		0A316379207870E100C50403 /* BrowseCoordinator.swift */ = {isa = PBXFileReference; lastKnownFileType = sourcecode.swift; path = BrowseCoordinator.swift; sourceTree = "<group>"; };
		0A31637B2078739200C50403 /* BookmarkCoordinator.swift */ = {isa = PBXFileReference; lastKnownFileType = sourcecode.swift; path = BookmarkCoordinator.swift; sourceTree = "<group>"; };
		0A569C52206AA080003B4D4D /* Category.swift */ = {isa = PBXFileReference; fileEncoding = 4; lastKnownFileType = sourcecode.swift; path = Category.swift; sourceTree = "<group>"; };
		0A569C55206AA4B4003B4D4D /* ArticleVC.swift */ = {isa = PBXFileReference; lastKnownFileType = sourcecode.swift; path = ArticleVC.swift; sourceTree = "<group>"; };
		0A569C56206AA4B4003B4D4D /* ArticleVC.xib */ = {isa = PBXFileReference; lastKnownFileType = file.xib; path = ArticleVC.xib; sourceTree = "<group>"; };
		0A5898A2206873CF00245EED /* CategoryListVC.swift */ = {isa = PBXFileReference; lastKnownFileType = sourcecode.swift; path = CategoryListVC.swift; sourceTree = "<group>"; };
		0A5898A3206873CF00245EED /* CategoryListVC.xib */ = {isa = PBXFileReference; lastKnownFileType = file.xib; path = CategoryListVC.xib; sourceTree = "<group>"; };
		0A5898A82068777A00245EED /* FeedListVC.swift */ = {isa = PBXFileReference; lastKnownFileType = sourcecode.swift; path = FeedListVC.swift; sourceTree = "<group>"; };
		0A5898A92068777A00245EED /* FeedListVC.xib */ = {isa = PBXFileReference; lastKnownFileType = file.xib; path = FeedListVC.xib; sourceTree = "<group>"; };
		0A5898AD20688EFA00245EED /* ArticleListVC.swift */ = {isa = PBXFileReference; lastKnownFileType = sourcecode.swift; path = ArticleListVC.swift; sourceTree = "<group>"; };
		0A5898AE20688EFA00245EED /* ArticleListVC.xib */ = {isa = PBXFileReference; lastKnownFileType = file.xib; path = ArticleListVC.xib; sourceTree = "<group>"; };
		0A8F4EAD2068617400BE3690 /* iDevReader.app */ = {isa = PBXFileReference; explicitFileType = wrapper.application; includeInIndex = 0; path = iDevReader.app; sourceTree = BUILT_PRODUCTS_DIR; };
		0A8F4EB02068617500BE3690 /* AppDelegate.swift */ = {isa = PBXFileReference; lastKnownFileType = sourcecode.swift; path = AppDelegate.swift; sourceTree = "<group>"; };
		0A8F4EB72068617500BE3690 /* Assets.xcassets */ = {isa = PBXFileReference; lastKnownFileType = folder.assetcatalog; path = Assets.xcassets; sourceTree = "<group>"; };
		0A8F4EBA2068617500BE3690 /* Base */ = {isa = PBXFileReference; lastKnownFileType = file.storyboard; name = Base; path = Base.lproj/LaunchScreen.storyboard; sourceTree = "<group>"; };
		0A8F4EBC2068617500BE3690 /* Info.plist */ = {isa = PBXFileReference; lastKnownFileType = text.plist.xml; path = Info.plist; sourceTree = "<group>"; };
		0A8F4EC12068617500BE3690 /* iDevReaderTests.xctest */ = {isa = PBXFileReference; explicitFileType = wrapper.cfbundle; includeInIndex = 0; path = iDevReaderTests.xctest; sourceTree = BUILT_PRODUCTS_DIR; };
		0A8F4EC52068617500BE3690 /* iDevReaderTests.swift */ = {isa = PBXFileReference; lastKnownFileType = sourcecode.swift; path = iDevReaderTests.swift; sourceTree = "<group>"; };
		0A8F4EC72068617500BE3690 /* Info.plist */ = {isa = PBXFileReference; lastKnownFileType = text.plist.xml; path = Info.plist; sourceTree = "<group>"; };
		0AEDFD9D207306BD00208CA1 /* CategoryTableViewCell.swift */ = {isa = PBXFileReference; lastKnownFileType = sourcecode.swift; path = CategoryTableViewCell.swift; sourceTree = "<group>"; };
		0AEDFD9E207306BD00208CA1 /* CategoryTableViewCell.xib */ = {isa = PBXFileReference; lastKnownFileType = file.xib; path = CategoryTableViewCell.xib; sourceTree = "<group>"; };
		0AEDFDA12073155800208CA1 /* FeedTableViewCell.swift */ = {isa = PBXFileReference; lastKnownFileType = sourcecode.swift; path = FeedTableViewCell.swift; sourceTree = "<group>"; };
		0AEDFDA22073155800208CA1 /* FeedTableViewCell.xib */ = {isa = PBXFileReference; lastKnownFileType = file.xib; path = FeedTableViewCell.xib; sourceTree = "<group>"; };
		0AEDFDA720731CC000208CA1 /* ArticleTableViewCell.swift */ = {isa = PBXFileReference; lastKnownFileType = sourcecode.swift; path = ArticleTableViewCell.swift; sourceTree = "<group>"; };
		0AEDFDA820731CC000208CA1 /* ArticleTableViewCell.xib */ = {isa = PBXFileReference; lastKnownFileType = file.xib; path = ArticleTableViewCell.xib; sourceTree = "<group>"; };
		0AEEB846206C114200F11F2A /* BookmarkStore.swift */ = {isa = PBXFileReference; lastKnownFileType = sourcecode.swift; path = BookmarkStore.swift; sourceTree = "<group>"; };
		1CC0362BE5A96EE45585F172 /* Pods-iDevReaderTests.debug.xcconfig */ = {isa = PBXFileReference; includeInIndex = 1; lastKnownFileType = text.xcconfig; name = "Pods-iDevReaderTests.debug.xcconfig"; path = "Pods/Target Support Files/Pods-iDevReaderTests/Pods-iDevReaderTests.debug.xcconfig"; sourceTree = "<group>"; };
		284CF14A6C9626C38ABB7BD3 /* Pods-iDevReaderTests.release.xcconfig */ = {isa = PBXFileReference; includeInIndex = 1; lastKnownFileType = text.xcconfig; name = "Pods-iDevReaderTests.release.xcconfig"; path = "Pods/Target Support Files/Pods-iDevReaderTests/Pods-iDevReaderTests.release.xcconfig"; sourceTree = "<group>"; };
		2C1AD89A20770E890087C3BF /* Theme.swift */ = {isa = PBXFileReference; lastKnownFileType = sourcecode.swift; path = Theme.swift; sourceTree = "<group>"; };
		2C1AD89C2077188F0087C3BF /* BaseRoundedCardCell.swift */ = {isa = PBXFileReference; lastKnownFileType = sourcecode.swift; path = BaseRoundedCardCell.swift; sourceTree = "<group>"; };
		2C1AD89E207728460087C3BF /* LaunchScreenIcon.png */ = {isa = PBXFileReference; lastKnownFileType = image.png; path = LaunchScreenIcon.png; sourceTree = "<group>"; };
		2C1AD8A220772E030087C3BF /* EmptyState.swift */ = {isa = PBXFileReference; lastKnownFileType = sourcecode.swift; path = EmptyState.swift; sourceTree = "<group>"; };
		2C1AD8A420772E410087C3BF /* EmptyState.xib */ = {isa = PBXFileReference; lastKnownFileType = file.xib; path = EmptyState.xib; sourceTree = "<group>"; };
		4E821B9F4B8A9B31C37AA85D /* Pods_iDevReader.framework */ = {isa = PBXFileReference; explicitFileType = wrapper.framework; includeInIndex = 0; path = Pods_iDevReader.framework; sourceTree = BUILT_PRODUCTS_DIR; };
		80A15BC5CEB4F9CBE080C4FF /* Pods-iDevReader.release.xcconfig */ = {isa = PBXFileReference; includeInIndex = 1; lastKnownFileType = text.xcconfig; name = "Pods-iDevReader.release.xcconfig"; path = "Pods/Target Support Files/Pods-iDevReader/Pods-iDevReader.release.xcconfig"; sourceTree = "<group>"; };
		F37E4A76029495D33BDF1A44 /* Pods_iDevReaderTests.framework */ = {isa = PBXFileReference; explicitFileType = wrapper.framework; includeInIndex = 0; path = Pods_iDevReaderTests.framework; sourceTree = BUILT_PRODUCTS_DIR; };
/* End PBXFileReference section */

/* Begin PBXFrameworksBuildPhase section */
		0A8F4EAA2068617400BE3690 /* Frameworks */ = {
			isa = PBXFrameworksBuildPhase;
			buildActionMask = 2147483647;
			files = (
				C64DB00FC979F0022C1FDCF5 /* Pods_iDevReader.framework in Frameworks */,
			);
			runOnlyForDeploymentPostprocessing = 0;
		};
		0A8F4EBE2068617500BE3690 /* Frameworks */ = {
			isa = PBXFrameworksBuildPhase;
			buildActionMask = 2147483647;
			files = (
				66BAAE64B98270B432F9E230 /* Pods_iDevReaderTests.framework in Frameworks */,
			);
			runOnlyForDeploymentPostprocessing = 0;
		};
/* End PBXFrameworksBuildPhase section */

/* Begin PBXGroup section */
		0A31637620786FA000C50403 /* Coordinators */ = {
			isa = PBXGroup;
			children = (
				0A31637720786FB600C50403 /* AppCoordinator.swift */,
				0A316379207870E100C50403 /* BrowseCoordinator.swift */,
				0A31637B2078739200C50403 /* BookmarkCoordinator.swift */,
			);
			path = Coordinators;
			sourceTree = "<group>";
		};
		0A569C51206AA080003B4D4D /* Models */ = {
			isa = PBXGroup;
			children = (
				0A569C52206AA080003B4D4D /* Category.swift */,
			);
			path = Models;
			sourceTree = "<group>";
		};
		0A569C59206AA4BD003B4D4D /* ArticleVC */ = {
			isa = PBXGroup;
			children = (
				0A569C55206AA4B4003B4D4D /* ArticleVC.swift */,
				0A569C56206AA4B4003B4D4D /* ArticleVC.xib */,
			);
			path = ArticleVC;
			sourceTree = "<group>";
		};
		0A5898A12068739D00245EED /* View Controllers */ = {
			isa = PBXGroup;
			children = (
				0A5898A62068772F00245EED /* CategoryListVC */,
				0A5898A72068773F00245EED /* FeedListVC */,
				0A5898B120688F0500245EED /* ArticleListVC */,
				0A569C59206AA4BD003B4D4D /* ArticleVC */,
			);
			path = "View Controllers";
			sourceTree = "<group>";
		};
		0A5898A62068772F00245EED /* CategoryListVC */ = {
			isa = PBXGroup;
			children = (
				0A5898A2206873CF00245EED /* CategoryListVC.swift */,
				0A5898A3206873CF00245EED /* CategoryListVC.xib */,
			);
			path = CategoryListVC;
			sourceTree = "<group>";
		};
		0A5898A72068773F00245EED /* FeedListVC */ = {
			isa = PBXGroup;
			children = (
				0A5898A82068777A00245EED /* FeedListVC.swift */,
				0A5898A92068777A00245EED /* FeedListVC.xib */,
			);
			path = FeedListVC;
			sourceTree = "<group>";
		};
		0A5898B120688F0500245EED /* ArticleListVC */ = {
			isa = PBXGroup;
			children = (
				0A5898AD20688EFA00245EED /* ArticleListVC.swift */,
				0A5898AE20688EFA00245EED /* ArticleListVC.xib */,
			);
			path = ArticleListVC;
			sourceTree = "<group>";
		};
		0A5898B22068948100245EED /* Resources */ = {
			isa = PBXGroup;
			children = (
				2C1AD89E207728460087C3BF /* LaunchScreenIcon.png */,
				0A8F4EB72068617500BE3690 /* Assets.xcassets */,
				0A8F4EB92068617500BE3690 /* LaunchScreen.storyboard */,
				0A8F4EBC2068617500BE3690 /* Info.plist */,
				2C1AD89A20770E890087C3BF /* Theme.swift */,
			);
			path = Resources;
			sourceTree = "<group>";
		};
		0A8F4EA42068617400BE3690 = {
			isa = PBXGroup;
			children = (
				0A8F4EAF2068617400BE3690 /* iDevReader */,
				0A8F4EC42068617500BE3690 /* iDevReaderTests */,
				0A8F4EAE2068617400BE3690 /* Products */,
				D20298D708DA4CC01A1ED8E7 /* Pods */,
				87BA2AB221B795A82B95E7B1 /* Frameworks */,
			);
			sourceTree = "<group>";
		};
		0A8F4EAE2068617400BE3690 /* Products */ = {
			isa = PBXGroup;
			children = (
				0A8F4EAD2068617400BE3690 /* iDevReader.app */,
				0A8F4EC12068617500BE3690 /* iDevReaderTests.xctest */,
			);
			name = Products;
			sourceTree = "<group>";
		};
		0A8F4EAF2068617400BE3690 /* iDevReader */ = {
			isa = PBXGroup;
			children = (
				0A8F4EB02068617500BE3690 /* AppDelegate.swift */,
				0AEEB845206C10BA00F11F2A /* Persistance */,
				0A569C51206AA080003B4D4D /* Models */,
				0AEDFD9B2073068800208CA1 /* Views */,
				0A5898A12068739D00245EED /* View Controllers */,
				0A31637620786FA000C50403 /* Coordinators */,
				0A5898B22068948100245EED /* Resources */,
			);
			path = iDevReader;
			sourceTree = "<group>";
		};
		0A8F4EC42068617500BE3690 /* iDevReaderTests */ = {
			isa = PBXGroup;
			children = (
				0A8F4EC52068617500BE3690 /* iDevReaderTests.swift */,
				0A8F4EC72068617500BE3690 /* Info.plist */,
			);
			path = iDevReaderTests;
			sourceTree = "<group>";
		};
		0AEDFD9B2073068800208CA1 /* Views */ = {
			isa = PBXGroup;
			children = (
				0AEDFD9C2073069A00208CA1 /* Cells */,
				2C1AD8A220772E030087C3BF /* EmptyState.swift */,
				2C1AD8A420772E410087C3BF /* EmptyState.xib */,
			);
			path = Views;
			sourceTree = "<group>";
		};
		0AEDFD9C2073069A00208CA1 /* Cells */ = {
			isa = PBXGroup;
			children = (
				0AEDFDA520731C5300208CA1 /* CategoryTableViewCell */,
				0AEDFDA620731C6A00208CA1 /* FeedTableViewCell */,
				2C1AD89C2077188F0087C3BF /* BaseRoundedCardCell.swift */,
			);
			path = Cells;
			sourceTree = "<group>";
		};
		0AEDFDA520731C5300208CA1 /* CategoryTableViewCell */ = {
			isa = PBXGroup;
			children = (
				0AEDFD9D207306BD00208CA1 /* CategoryTableViewCell.swift */,
				0AEDFD9E207306BD00208CA1 /* CategoryTableViewCell.xib */,
			);
			path = CategoryTableViewCell;
			sourceTree = "<group>";
		};
		0AEDFDA620731C6A00208CA1 /* FeedTableViewCell */ = {
			isa = PBXGroup;
			children = (
				0AEDFDA12073155800208CA1 /* FeedTableViewCell.swift */,
				0AEDFDA22073155800208CA1 /* FeedTableViewCell.xib */,
				0AEDFDA720731CC000208CA1 /* ArticleTableViewCell.swift */,
				0AEDFDA820731CC000208CA1 /* ArticleTableViewCell.xib */,
			);
			path = FeedTableViewCell;
			sourceTree = "<group>";
		};
		0AEEB845206C10BA00F11F2A /* Persistance */ = {
			isa = PBXGroup;
			children = (
				0AEEB846206C114200F11F2A /* BookmarkStore.swift */,
			);
			path = Persistance;
			sourceTree = "<group>";
		};
		87BA2AB221B795A82B95E7B1 /* Frameworks */ = {
			isa = PBXGroup;
			children = (
				4E821B9F4B8A9B31C37AA85D /* Pods_iDevReader.framework */,
				F37E4A76029495D33BDF1A44 /* Pods_iDevReaderTests.framework */,
			);
			name = Frameworks;
			sourceTree = "<group>";
		};
		D20298D708DA4CC01A1ED8E7 /* Pods */ = {
			isa = PBXGroup;
			children = (
				0107A6662B0445595702B183 /* Pods-iDevReader.debug.xcconfig */,
				80A15BC5CEB4F9CBE080C4FF /* Pods-iDevReader.release.xcconfig */,
				1CC0362BE5A96EE45585F172 /* Pods-iDevReaderTests.debug.xcconfig */,
				284CF14A6C9626C38ABB7BD3 /* Pods-iDevReaderTests.release.xcconfig */,
			);
			name = Pods;
			sourceTree = "<group>";
		};
/* End PBXGroup section */

/* Begin PBXNativeTarget section */
		0A8F4EAC2068617400BE3690 /* iDevReader */ = {
			isa = PBXNativeTarget;
			buildConfigurationList = 0A8F4ECA2068617500BE3690 /* Build configuration list for PBXNativeTarget "iDevReader" */;
			buildPhases = (
				546D5E5379DA6916F1420177 /* [CP] Check Pods Manifest.lock */,
				0A8F4EA92068617400BE3690 /* Sources */,
				0A8F4EAA2068617400BE3690 /* Frameworks */,
				0A8F4EAB2068617400BE3690 /* Resources */,
				348C0029FA81E047D906F582 /* [CP] Embed Pods Frameworks */,
				487D6A2EA51E25906D1C6ADA /* [CP] Copy Pods Resources */,
			);
			buildRules = (
			);
			dependencies = (
			);
			name = iDevReader;
			productName = iDevReader;
			productReference = 0A8F4EAD2068617400BE3690 /* iDevReader.app */;
			productType = "com.apple.product-type.application";
		};
		0A8F4EC02068617500BE3690 /* iDevReaderTests */ = {
			isa = PBXNativeTarget;
			buildConfigurationList = 0A8F4ECD2068617500BE3690 /* Build configuration list for PBXNativeTarget "iDevReaderTests" */;
			buildPhases = (
				994FB174CC62DC05FE89FF4E /* [CP] Check Pods Manifest.lock */,
				0A8F4EBD2068617500BE3690 /* Sources */,
				0A8F4EBE2068617500BE3690 /* Frameworks */,
				0A8F4EBF2068617500BE3690 /* Resources */,
				0B5E6AC194B3B4C4B9AF01BE /* [CP] Embed Pods Frameworks */,
				21F513ECBE05E1B9E1E79583 /* [CP] Copy Pods Resources */,
			);
			buildRules = (
			);
			dependencies = (
				0A8F4EC32068617500BE3690 /* PBXTargetDependency */,
			);
			name = iDevReaderTests;
			productName = iDevReaderTests;
			productReference = 0A8F4EC12068617500BE3690 /* iDevReaderTests.xctest */;
			productType = "com.apple.product-type.bundle.unit-test";
		};
/* End PBXNativeTarget section */

/* Begin PBXProject section */
		0A8F4EA52068617400BE3690 /* Project object */ = {
			isa = PBXProject;
			attributes = {
				LastSwiftUpdateCheck = 0920;
				LastUpgradeCheck = 0920;
				ORGANIZATIONNAME = "Nilson Nascimento";
				TargetAttributes = {
					0A8F4EAC2068617400BE3690 = {
						CreatedOnToolsVersion = 9.2;
						ProvisioningStyle = Automatic;
					};
					0A8F4EC02068617500BE3690 = {
						CreatedOnToolsVersion = 9.2;
						ProvisioningStyle = Automatic;
						TestTargetID = 0A8F4EAC2068617400BE3690;
					};
				};
			};
			buildConfigurationList = 0A8F4EA82068617400BE3690 /* Build configuration list for PBXProject "iDevReader" */;
			compatibilityVersion = "Xcode 8.0";
			developmentRegion = en;
			hasScannedForEncodings = 0;
			knownRegions = (
				en,
				Base,
			);
			mainGroup = 0A8F4EA42068617400BE3690;
			productRefGroup = 0A8F4EAE2068617400BE3690 /* Products */;
			projectDirPath = "";
			projectRoot = "";
			targets = (
				0A8F4EAC2068617400BE3690 /* iDevReader */,
				0A8F4EC02068617500BE3690 /* iDevReaderTests */,
			);
		};
/* End PBXProject section */

/* Begin PBXResourcesBuildPhase section */
		0A8F4EAB2068617400BE3690 /* Resources */ = {
			isa = PBXResourcesBuildPhase;
			buildActionMask = 2147483647;
			files = (
				0A5898B020688EFA00245EED /* ArticleListVC.xib in Resources */,
				2C1AD8A520772E410087C3BF /* EmptyState.xib in Resources */,
				0AEDFDAA20731CC000208CA1 /* ArticleTableViewCell.xib in Resources */,
				0AEDFDA0207306BD00208CA1 /* CategoryTableViewCell.xib in Resources */,
				0A5898AB2068777A00245EED /* FeedListVC.xib in Resources */,
				0A8F4EBB2068617500BE3690 /* LaunchScreen.storyboard in Resources */,
				2C1AD89F207728460087C3BF /* LaunchScreenIcon.png in Resources */,
				0A8F4EB82068617500BE3690 /* Assets.xcassets in Resources */,
				0AEDFDA42073155800208CA1 /* FeedTableViewCell.xib in Resources */,
				0A5898A5206873CF00245EED /* CategoryListVC.xib in Resources */,
				0A569C58206AA4B4003B4D4D /* ArticleVC.xib in Resources */,
			);
			runOnlyForDeploymentPostprocessing = 0;
		};
		0A8F4EBF2068617500BE3690 /* Resources */ = {
			isa = PBXResourcesBuildPhase;
			buildActionMask = 2147483647;
			files = (
			);
			runOnlyForDeploymentPostprocessing = 0;
		};
/* End PBXResourcesBuildPhase section */

/* Begin PBXShellScriptBuildPhase section */
		0B5E6AC194B3B4C4B9AF01BE /* [CP] Embed Pods Frameworks */ = {
			isa = PBXShellScriptBuildPhase;
			buildActionMask = 2147483647;
			files = (
			);
			inputPaths = (
			);
			name = "[CP] Embed Pods Frameworks";
			outputPaths = (
			);
			runOnlyForDeploymentPostprocessing = 0;
			shellPath = /bin/sh;
			shellScript = "\"${SRCROOT}/Pods/Target Support Files/Pods-iDevReaderTests/Pods-iDevReaderTests-frameworks.sh\"\n";
			showEnvVarsInLog = 0;
		};
		21F513ECBE05E1B9E1E79583 /* [CP] Copy Pods Resources */ = {
			isa = PBXShellScriptBuildPhase;
			buildActionMask = 2147483647;
			files = (
			);
			inputPaths = (
			);
			name = "[CP] Copy Pods Resources";
			outputPaths = (
			);
			runOnlyForDeploymentPostprocessing = 0;
			shellPath = /bin/sh;
			shellScript = "\"${SRCROOT}/Pods/Target Support Files/Pods-iDevReaderTests/Pods-iDevReaderTests-resources.sh\"\n";
			showEnvVarsInLog = 0;
		};
		348C0029FA81E047D906F582 /* [CP] Embed Pods Frameworks */ = {
			isa = PBXShellScriptBuildPhase;
			buildActionMask = 2147483647;
			files = (
			);
			inputPaths = (
				"${SRCROOT}/Pods/Target Support Files/Pods-iDevReader/Pods-iDevReader-frameworks.sh",
				"${BUILT_PRODUCTS_DIR}/MWFeedParser/MWFeedParser.framework",
			);
			name = "[CP] Embed Pods Frameworks";
			outputPaths = (
				"${TARGET_BUILD_DIR}/${FRAMEWORKS_FOLDER_PATH}/MWFeedParser.framework",
			);
			runOnlyForDeploymentPostprocessing = 0;
			shellPath = /bin/sh;
			shellScript = "\"${SRCROOT}/Pods/Target Support Files/Pods-iDevReader/Pods-iDevReader-frameworks.sh\"\n";
			showEnvVarsInLog = 0;
		};
		487D6A2EA51E25906D1C6ADA /* [CP] Copy Pods Resources */ = {
			isa = PBXShellScriptBuildPhase;
			buildActionMask = 2147483647;
			files = (
			);
			inputPaths = (
			);
			name = "[CP] Copy Pods Resources";
			outputPaths = (
			);
			runOnlyForDeploymentPostprocessing = 0;
			shellPath = /bin/sh;
			shellScript = "\"${SRCROOT}/Pods/Target Support Files/Pods-iDevReader/Pods-iDevReader-resources.sh\"\n";
			showEnvVarsInLog = 0;
		};
		546D5E5379DA6916F1420177 /* [CP] Check Pods Manifest.lock */ = {
			isa = PBXShellScriptBuildPhase;
			buildActionMask = 2147483647;
			files = (
			);
			inputPaths = (
				"${PODS_PODFILE_DIR_PATH}/Podfile.lock",
				"${PODS_ROOT}/Manifest.lock",
			);
			name = "[CP] Check Pods Manifest.lock";
			outputPaths = (
				"$(DERIVED_FILE_DIR)/Pods-iDevReader-checkManifestLockResult.txt",
			);
			runOnlyForDeploymentPostprocessing = 0;
			shellPath = /bin/sh;
			shellScript = "diff \"${PODS_PODFILE_DIR_PATH}/Podfile.lock\" \"${PODS_ROOT}/Manifest.lock\" > /dev/null\nif [ $? != 0 ] ; then\n    # print error to STDERR\n    echo \"error: The sandbox is not in sync with the Podfile.lock. Run 'pod install' or update your CocoaPods installation.\" >&2\n    exit 1\nfi\n# This output is used by Xcode 'outputs' to avoid re-running this script phase.\necho \"SUCCESS\" > \"${SCRIPT_OUTPUT_FILE_0}\"\n";
			showEnvVarsInLog = 0;
		};
		994FB174CC62DC05FE89FF4E /* [CP] Check Pods Manifest.lock */ = {
			isa = PBXShellScriptBuildPhase;
			buildActionMask = 2147483647;
			files = (
			);
			inputPaths = (
				"${PODS_PODFILE_DIR_PATH}/Podfile.lock",
				"${PODS_ROOT}/Manifest.lock",
			);
			name = "[CP] Check Pods Manifest.lock";
			outputPaths = (
				"$(DERIVED_FILE_DIR)/Pods-iDevReaderTests-checkManifestLockResult.txt",
			);
			runOnlyForDeploymentPostprocessing = 0;
			shellPath = /bin/sh;
			shellScript = "diff \"${PODS_PODFILE_DIR_PATH}/Podfile.lock\" \"${PODS_ROOT}/Manifest.lock\" > /dev/null\nif [ $? != 0 ] ; then\n    # print error to STDERR\n    echo \"error: The sandbox is not in sync with the Podfile.lock. Run 'pod install' or update your CocoaPods installation.\" >&2\n    exit 1\nfi\n# This output is used by Xcode 'outputs' to avoid re-running this script phase.\necho \"SUCCESS\" > \"${SCRIPT_OUTPUT_FILE_0}\"\n";
			showEnvVarsInLog = 0;
		};
/* End PBXShellScriptBuildPhase section */

/* Begin PBXSourcesBuildPhase section */
		0A8F4EA92068617400BE3690 /* Sources */ = {
			isa = PBXSourcesBuildPhase;
			buildActionMask = 2147483647;
			files = (
				0AEDFDA920731CC000208CA1 /* ArticleTableViewCell.swift in Sources */,
				0A5898AA2068777A00245EED /* FeedListVC.swift in Sources */,
				2C1AD89D2077188F0087C3BF /* BaseRoundedCardCell.swift in Sources */,
				2C1AD8A320772E030087C3BF /* EmptyState.swift in Sources */,
				0A569C57206AA4B4003B4D4D /* ArticleVC.swift in Sources */,
				0A569C53206AA080003B4D4D /* Category.swift in Sources */,
				0A31637A207870E100C50403 /* BrowseCoordinator.swift in Sources */,
				0A31637820786FB600C50403 /* AppCoordinator.swift in Sources */,
				2C1AD89B20770E890087C3BF /* Theme.swift in Sources */,
				0A8F4EB12068617500BE3690 /* AppDelegate.swift in Sources */,
				0AEEB847206C114200F11F2A /* BookmarkStore.swift in Sources */,
				0A5898AF20688EFA00245EED /* ArticleListVC.swift in Sources */,
				0A5898A4206873CF00245EED /* CategoryListVC.swift in Sources */,
				0AEDFDA32073155800208CA1 /* FeedTableViewCell.swift in Sources */,
				0A31637C2078739200C50403 /* BookmarkCoordinator.swift in Sources */,
				0AEDFD9F207306BD00208CA1 /* CategoryTableViewCell.swift in Sources */,
			);
			runOnlyForDeploymentPostprocessing = 0;
		};
		0A8F4EBD2068617500BE3690 /* Sources */ = {
			isa = PBXSourcesBuildPhase;
			buildActionMask = 2147483647;
			files = (
				0A8F4EC62068617500BE3690 /* iDevReaderTests.swift in Sources */,
			);
			runOnlyForDeploymentPostprocessing = 0;
		};
/* End PBXSourcesBuildPhase section */

/* Begin PBXTargetDependency section */
		0A8F4EC32068617500BE3690 /* PBXTargetDependency */ = {
			isa = PBXTargetDependency;
			target = 0A8F4EAC2068617400BE3690 /* iDevReader */;
			targetProxy = 0A8F4EC22068617500BE3690 /* PBXContainerItemProxy */;
		};
/* End PBXTargetDependency section */

/* Begin PBXVariantGroup section */
		0A8F4EB92068617500BE3690 /* LaunchScreen.storyboard */ = {
			isa = PBXVariantGroup;
			children = (
				0A8F4EBA2068617500BE3690 /* Base */,
			);
			name = LaunchScreen.storyboard;
			sourceTree = "<group>";
		};
/* End PBXVariantGroup section */

/* Begin XCBuildConfiguration section */
		0A8F4EC82068617500BE3690 /* Debug */ = {
			isa = XCBuildConfiguration;
			buildSettings = {
				ALWAYS_SEARCH_USER_PATHS = NO;
				CLANG_ANALYZER_NONNULL = YES;
				CLANG_ANALYZER_NUMBER_OBJECT_CONVERSION = YES_AGGRESSIVE;
				CLANG_CXX_LANGUAGE_STANDARD = "gnu++14";
				CLANG_CXX_LIBRARY = "libc++";
				CLANG_ENABLE_MODULES = YES;
				CLANG_ENABLE_OBJC_ARC = YES;
				CLANG_WARN_BLOCK_CAPTURE_AUTORELEASING = YES;
				CLANG_WARN_BOOL_CONVERSION = YES;
				CLANG_WARN_COMMA = YES;
				CLANG_WARN_CONSTANT_CONVERSION = YES;
				CLANG_WARN_DIRECT_OBJC_ISA_USAGE = YES_ERROR;
				CLANG_WARN_DOCUMENTATION_COMMENTS = YES;
				CLANG_WARN_EMPTY_BODY = YES;
				CLANG_WARN_ENUM_CONVERSION = YES;
				CLANG_WARN_INFINITE_RECURSION = YES;
				CLANG_WARN_INT_CONVERSION = YES;
				CLANG_WARN_NON_LITERAL_NULL_CONVERSION = YES;
				CLANG_WARN_OBJC_LITERAL_CONVERSION = YES;
				CLANG_WARN_OBJC_ROOT_CLASS = YES_ERROR;
				CLANG_WARN_RANGE_LOOP_ANALYSIS = YES;
				CLANG_WARN_STRICT_PROTOTYPES = YES;
				CLANG_WARN_SUSPICIOUS_MOVE = YES;
				CLANG_WARN_UNGUARDED_AVAILABILITY = YES_AGGRESSIVE;
				CLANG_WARN_UNREACHABLE_CODE = YES;
				CLANG_WARN__DUPLICATE_METHOD_MATCH = YES;
				CODE_SIGN_IDENTITY = "iPhone Developer";
				COPY_PHASE_STRIP = NO;
				DEBUG_INFORMATION_FORMAT = dwarf;
				ENABLE_STRICT_OBJC_MSGSEND = YES;
				ENABLE_TESTABILITY = YES;
				GCC_C_LANGUAGE_STANDARD = gnu11;
				GCC_DYNAMIC_NO_PIC = NO;
				GCC_NO_COMMON_BLOCKS = YES;
				GCC_OPTIMIZATION_LEVEL = 0;
				GCC_PREPROCESSOR_DEFINITIONS = (
					"DEBUG=1",
					"$(inherited)",
				);
				GCC_WARN_64_TO_32_BIT_CONVERSION = YES;
				GCC_WARN_ABOUT_RETURN_TYPE = YES_ERROR;
				GCC_WARN_UNDECLARED_SELECTOR = YES;
				GCC_WARN_UNINITIALIZED_AUTOS = YES_AGGRESSIVE;
				GCC_WARN_UNUSED_FUNCTION = YES;
				GCC_WARN_UNUSED_VARIABLE = YES;
				IPHONEOS_DEPLOYMENT_TARGET = 11.2;
				MTL_ENABLE_DEBUG_INFO = YES;
				ONLY_ACTIVE_ARCH = YES;
				SDKROOT = iphoneos;
				SWIFT_ACTIVE_COMPILATION_CONDITIONS = DEBUG;
				SWIFT_OPTIMIZATION_LEVEL = "-Onone";
			};
			name = Debug;
		};
		0A8F4EC92068617500BE3690 /* Release */ = {
			isa = XCBuildConfiguration;
			buildSettings = {
				ALWAYS_SEARCH_USER_PATHS = NO;
				CLANG_ANALYZER_NONNULL = YES;
				CLANG_ANALYZER_NUMBER_OBJECT_CONVERSION = YES_AGGRESSIVE;
				CLANG_CXX_LANGUAGE_STANDARD = "gnu++14";
				CLANG_CXX_LIBRARY = "libc++";
				CLANG_ENABLE_MODULES = YES;
				CLANG_ENABLE_OBJC_ARC = YES;
				CLANG_WARN_BLOCK_CAPTURE_AUTORELEASING = YES;
				CLANG_WARN_BOOL_CONVERSION = YES;
				CLANG_WARN_COMMA = YES;
				CLANG_WARN_CONSTANT_CONVERSION = YES;
				CLANG_WARN_DIRECT_OBJC_ISA_USAGE = YES_ERROR;
				CLANG_WARN_DOCUMENTATION_COMMENTS = YES;
				CLANG_WARN_EMPTY_BODY = YES;
				CLANG_WARN_ENUM_CONVERSION = YES;
				CLANG_WARN_INFINITE_RECURSION = YES;
				CLANG_WARN_INT_CONVERSION = YES;
				CLANG_WARN_NON_LITERAL_NULL_CONVERSION = YES;
				CLANG_WARN_OBJC_LITERAL_CONVERSION = YES;
				CLANG_WARN_OBJC_ROOT_CLASS = YES_ERROR;
				CLANG_WARN_RANGE_LOOP_ANALYSIS = YES;
				CLANG_WARN_STRICT_PROTOTYPES = YES;
				CLANG_WARN_SUSPICIOUS_MOVE = YES;
				CLANG_WARN_UNGUARDED_AVAILABILITY = YES_AGGRESSIVE;
				CLANG_WARN_UNREACHABLE_CODE = YES;
				CLANG_WARN__DUPLICATE_METHOD_MATCH = YES;
				CODE_SIGN_IDENTITY = "iPhone Developer";
				COPY_PHASE_STRIP = NO;
				DEBUG_INFORMATION_FORMAT = "dwarf-with-dsym";
				ENABLE_NS_ASSERTIONS = NO;
				ENABLE_STRICT_OBJC_MSGSEND = YES;
				GCC_C_LANGUAGE_STANDARD = gnu11;
				GCC_NO_COMMON_BLOCKS = YES;
				GCC_WARN_64_TO_32_BIT_CONVERSION = YES;
				GCC_WARN_ABOUT_RETURN_TYPE = YES_ERROR;
				GCC_WARN_UNDECLARED_SELECTOR = YES;
				GCC_WARN_UNINITIALIZED_AUTOS = YES_AGGRESSIVE;
				GCC_WARN_UNUSED_FUNCTION = YES;
				GCC_WARN_UNUSED_VARIABLE = YES;
				IPHONEOS_DEPLOYMENT_TARGET = 11.2;
				MTL_ENABLE_DEBUG_INFO = NO;
				SDKROOT = iphoneos;
				SWIFT_OPTIMIZATION_LEVEL = "-Owholemodule";
				VALIDATE_PRODUCT = YES;
			};
			name = Release;
		};
		0A8F4ECB2068617500BE3690 /* Debug */ = {
			isa = XCBuildConfiguration;
			baseConfigurationReference = 0107A6662B0445595702B183 /* Pods-iDevReader.debug.xcconfig */;
			buildSettings = {
				ASSETCATALOG_COMPILER_APPICON_NAME = AppIcon;
				CODE_SIGN_STYLE = Automatic;
				DEVELOPMENT_TEAM = NC8JXL2H35;
				INFOPLIST_FILE = "$(SRCROOT)/iDevReader/Resources/Info.plist";
				LD_RUNPATH_SEARCH_PATHS = "$(inherited) @executable_path/Frameworks";
				PRODUCT_BUNDLE_IDENTIFIER = io.chuva.iDevReader;
				PRODUCT_NAME = "$(TARGET_NAME)";
				SWIFT_VERSION = 4.0;
				TARGETED_DEVICE_FAMILY = "1,2";
			};
			name = Debug;
		};
		0A8F4ECC2068617500BE3690 /* Release */ = {
			isa = XCBuildConfiguration;
			baseConfigurationReference = 80A15BC5CEB4F9CBE080C4FF /* Pods-iDevReader.release.xcconfig */;
			buildSettings = {
				ASSETCATALOG_COMPILER_APPICON_NAME = AppIcon;
				CODE_SIGN_STYLE = Automatic;
				DEVELOPMENT_TEAM = NC8JXL2H35;
				INFOPLIST_FILE = "$(SRCROOT)/iDevReader/Resources/Info.plist";
				LD_RUNPATH_SEARCH_PATHS = "$(inherited) @executable_path/Frameworks";
				PRODUCT_BUNDLE_IDENTIFIER = io.chuva.iDevReader;
				PRODUCT_NAME = "$(TARGET_NAME)";
				SWIFT_VERSION = 4.0;
				TARGETED_DEVICE_FAMILY = "1,2";
			};
			name = Release;
		};
		0A8F4ECE2068617500BE3690 /* Debug */ = {
			isa = XCBuildConfiguration;
			baseConfigurationReference = 1CC0362BE5A96EE45585F172 /* Pods-iDevReaderTests.debug.xcconfig */;
			buildSettings = {
				ALWAYS_EMBED_SWIFT_STANDARD_LIBRARIES = YES;
				BUNDLE_LOADER = "$(TEST_HOST)";
				CODE_SIGN_STYLE = Automatic;
				DEVELOPMENT_TEAM = NC8JXL2H35;
				INFOPLIST_FILE = iDevReaderTests/Info.plist;
				LD_RUNPATH_SEARCH_PATHS = "$(inherited) @executable_path/Frameworks @loader_path/Frameworks";
				PRODUCT_BUNDLE_IDENTIFIER = io.chuva.iDevReaderTests;
				PRODUCT_NAME = "$(TARGET_NAME)";
				SWIFT_VERSION = 4.0;
				TARGETED_DEVICE_FAMILY = "1,2";
				TEST_HOST = "$(BUILT_PRODUCTS_DIR)/iDevReader.app/iDevReader";
			};
			name = Debug;
		};
		0A8F4ECF2068617500BE3690 /* Release */ = {
			isa = XCBuildConfiguration;
			baseConfigurationReference = 284CF14A6C9626C38ABB7BD3 /* Pods-iDevReaderTests.release.xcconfig */;
			buildSettings = {
				ALWAYS_EMBED_SWIFT_STANDARD_LIBRARIES = YES;
				BUNDLE_LOADER = "$(TEST_HOST)";
				CODE_SIGN_STYLE = Automatic;
				DEVELOPMENT_TEAM = NC8JXL2H35;
				INFOPLIST_FILE = iDevReaderTests/Info.plist;
				LD_RUNPATH_SEARCH_PATHS = "$(inherited) @executable_path/Frameworks @loader_path/Frameworks";
				PRODUCT_BUNDLE_IDENTIFIER = io.chuva.iDevReaderTests;
				PRODUCT_NAME = "$(TARGET_NAME)";
				SWIFT_VERSION = 4.0;
				TARGETED_DEVICE_FAMILY = "1,2";
				TEST_HOST = "$(BUILT_PRODUCTS_DIR)/iDevReader.app/iDevReader";
			};
			name = Release;
		};
/* End XCBuildConfiguration section */

/* Begin XCConfigurationList section */
		0A8F4EA82068617400BE3690 /* Build configuration list for PBXProject "iDevReader" */ = {
			isa = XCConfigurationList;
			buildConfigurations = (
				0A8F4EC82068617500BE3690 /* Debug */,
				0A8F4EC92068617500BE3690 /* Release */,
			);
			defaultConfigurationIsVisible = 0;
			defaultConfigurationName = Release;
		};
		0A8F4ECA2068617500BE3690 /* Build configuration list for PBXNativeTarget "iDevReader" */ = {
			isa = XCConfigurationList;
			buildConfigurations = (
				0A8F4ECB2068617500BE3690 /* Debug */,
				0A8F4ECC2068617500BE3690 /* Release */,
			);
			defaultConfigurationIsVisible = 0;
			defaultConfigurationName = Release;
		};
		0A8F4ECD2068617500BE3690 /* Build configuration list for PBXNativeTarget "iDevReaderTests" */ = {
			isa = XCConfigurationList;
			buildConfigurations = (
				0A8F4ECE2068617500BE3690 /* Debug */,
				0A8F4ECF2068617500BE3690 /* Release */,
			);
			defaultConfigurationIsVisible = 0;
			defaultConfigurationName = Release;
		};
/* End XCConfigurationList section */
	};
	rootObject = 0A8F4EA52068617400BE3690 /* Project object */;
}
